<?xml version="1.0" encoding="utf-8"?>
<Project ToolsVersion="4.0" xmlns="http://schemas.microsoft.com/developer/msbuild/2003">
  <ItemGroup>
    <Filter Include="Source Files">
      <UniqueIdentifier>{4FC737F1-C7A5-4376-A066-2A32D752A2FF}</UniqueIdentifier>
      <Extensions>cpp;c;cc;cxx;c++;cppm;ixx;def;odl;idl;hpj;bat;asm;asmx</Extensions>
    </Filter>
    <Filter Include="Header Files">
      <UniqueIdentifier>{93995380-89BD-4b04-88EB-625FBE52EBFB}</UniqueIdentifier>
      <Extensions>h;hh;hpp;hxx;h++;hm;inl;inc;ipp;xsd</Extensions>
    </Filter>
    <Filter Include="Resource Files">
      <UniqueIdentifier>{67DA6AB6-F800-4c08-8B7A-83BB121AAD01}</UniqueIdentifier>
      <Extensions>rc;ico;cur;bmp;dlg;rc2;rct;bin;rgs;gif;jpg;jpeg;jpe;resx;tiff;tif;png;wav;mfcribbon-ms</Extensions>
    </Filter>
    <Filter Include="Source Files\Handler">
      <UniqueIdentifier>{e41f2909-f24f-4cfb-a2dc-31517f5e80e7}</UniqueIdentifier>
    </Filter>
    <Filter Include="Source Files\Handler\Console">
      <UniqueIdentifier>{14a96cc6-05d7-46c2-b313-01c6e8010a6e}</UniqueIdentifier>
    </Filter>
    <Filter Include="Source Files\Handler\Program">
      <UniqueIdentifier>{7cb54e06-9bdf-40a3-ab75-1c7d70b02a21}</UniqueIdentifier>
    </Filter>
  </ItemGroup>
  <ItemGroup>
    <ClCompile Include="outputConsole.cpp">
      <Filter>Source Files</Filter>
    </ClCompile>
    <ClCompile Include="consoleManager.cpp">
      <Filter>Source Files\Handler\Console</Filter>
    </ClCompile>
    <ClCompile Include="sleepManager.cpp">
      <Filter>Source Files\Handler\Program</Filter>
    </ClCompile>
  </ItemGroup>
  <ItemGroup>
    <ClInclude Include="consoleManager.h">
      <Filter>Header Files</Filter>
    </ClInclude>
    <ClInclude Include="sleepManager.h">
      <Filter>Header Files</Filter>
    </ClInclude>
  </ItemGroup>
</Project>