
Microsoft Visual Studio Solution File, Format Version 12.00
# Visual Studio Version 17
VisualStudioVersion = 17.3.32804.467
MinimumVisualStudioVersion = 10.0.40219.1
Project("{8BC9CEB8-8B4A-11D0-8D11-00A0C91BC942}") = "PIPOS", "PIPOS.vcxproj", "{47DEE304-3F4D-4A74-B5AB-65DDDBBF5741}"
EndProject
Global
	GlobalSection(SolutionConfigurationPlatforms) = preSolution
		Debug|x64 = Debug|x64
		Debug|x86 = Debug|x86
		Release|x64 = Release|x64
		Release|x86 = Release|x86
	EndGlobalSection
	GlobalSection(ProjectConfigurationPlatforms) = postSolution
		{47DEE304-3F4D-4A74-B5AB-65DDDBBF5741}.Debug|x64.ActiveCfg = Debug|x64
		{47DEE304-3F4D-4A74-B5AB-65DDDBBF5741}.Debug|x64.Build.0 = Debug|x64
		{47DEE304-3F4D-4A74-B5AB-65DDDBBF5741}.Debug|x86.ActiveCfg = Debug|Win32
		{47DEE304-3F4D-4A74-B5AB-65DDDBBF5741}.Debug|x86.Build.0 = Debug|Win32
		{47DEE304-3F4D-4A74-B5AB-65DDDBBF5741}.Release|x64.ActiveCfg = Release|x64
		{47DEE304-3F4D-4A74-B5AB-65DDDBBF5741}.Release|x64.Build.0 = Release|x64
		{47DEE304-3F4D-4A74-B5AB-65DDDBBF5741}.Release|x86.ActiveCfg = Release|Win32
		{47DEE304-3F4D-4A74-B5AB-65DDDBBF5741}.Release|x86.Build.0 = Release|Win32
	EndGlobalSection
	GlobalSection(SolutionProperties) = preSolution
		HideSolutionNode = FALSE
	EndGlobalSection
	GlobalSection(ExtensibilityGlobals) = postSolution
		SolutionGuid = {E7C82CF4-5783-412A-9FCC-4054E0D24452}
	EndGlobalSection
EndGlobal
